
Microsoft Visual Studio Solution File, Format Version 12.00
# Visual Studio Version 17
VisualStudioVersion = 17.5.33424.131
MinimumVisualStudioVersion = 10.0.40219.1
Project("{8BC9CEB8-8B4A-11D0-8D11-00A0C91BC942}") = "Main", "Main\Main.vcxproj", "{06E21E65-1370-4692-A009-F50C31860646}"
EndProject
Project("{8BC9CEB8-8B4A-11D0-8D11-00A0C91BC942}") = "12.AniTest", "12.AniTest\12.AniTest.vcxproj", "{64B161A7-F7D2-4105-8741-6D7FB2D8B81A}"
EndProject
Project("{8BC9CEB8-8B4A-11D0-8D11-00A0C91BC942}") = "11.FBXTest", "11.FBXTest\11.FBXTest.vcxproj", "{1933C50C-BF17-4C31-9E15-ED17CCF3DE3B}"
EndProject
Project("{8BC9CEB8-8B4A-11D0-8D11-00A0C91BC942}") = "01.ClearTest", "01.ClearTest\01.ClearTest.vcxproj", "{B6A437E2-4033-49B8-9A96-AC1C95AA6F23}"
EndProject
Project("{8BC9CEB8-8B4A-11D0-8D11-00A0C91BC942}") = "02.DrawTriangle", "02.DrawTriangle\02.DrawTriangle.vcxproj", "{3BF2E6FD-49FB-4181-A991-A7159E41BC28}"
EndProject
Project("{8BC9CEB8-8B4A-11D0-8D11-00A0C91BC942}") = "03.Shader", "03.Shader\03.Shader.vcxproj", "{C4C31697-5F94-432C-B678-529A4A8D48FF}"
EndProject
Project("{8BC9CEB8-8B4A-11D0-8D11-00A0C91BC942}") = "04.IndexBufferTest", "04.IndexBufferTest\04.IndexBufferTest.vcxproj", "{172413B5-046C-4886-BF7B-C42F17C6B5DF}"
EndProject
Project("{8BC9CEB8-8B4A-11D0-8D11-00A0C91BC942}") = "05.VertexShaderTest", "05.VertexShader\05.VertexShader.vcxproj", "{C2D6770D-833D-4E21-8DBD-ABCACC8A529A}"
EndProject
Project("{8BC9CEB8-8B4A-11D0-8D11-00A0C91BC942}") = "06.ImguiTest", "06.ImguiTest\06.ImguiTest.vcxproj", "{5C1FC89E-AD6F-4667-8CED-8DF0E5E89C9F}"
EndProject
Project("{8BC9CEB8-8B4A-11D0-8D11-00A0C91BC942}") = "07.LightTest", "07.LightTest\07.LightTest.vcxproj", "{DC31A7DB-B5DE-4417-AE35-0FA3072ECCC1}"
EndProject
Project("{8BC9CEB8-8B4A-11D0-8D11-00A0C91BC942}") = "08.TextureTest", "08.TextureTest\08.TextureTest.vcxproj", "{A77F15CB-E951-46F4-BA6D-16E8E6036960}"
EndProject
Project("{8BC9CEB8-8B4A-11D0-8D11-00A0C91BC942}") = "09.PhongTest", "09.PhongTest\09.PhongTest.vcxproj", "{587C67E9-7870-4A2C-8067-48EE9E454777}"
EndProject
Project("{8BC9CEB8-8B4A-11D0-8D11-00A0C91BC942}") = "10.MapTest", "10.MapTest\10.MapTest.vcxproj", "{9A400700-1976-4342-81EB-55C4AEA878B6}"
EndProject
Project("{2150E333-8FDC-42A3-9474-1A3956D46DE8}") = "RelocationProject", "RelocationProject", "{00506428-1FD0-4DD2-85DE-53806CDF4CEA}"
EndProject
Project("{8BC9CEB8-8B4A-11D0-8D11-00A0C91BC942}") = "13.SkinningTest", "13.SkinningTest\13.SkinningTest.vcxproj", "{9DF7D6AF-2E54-4895-A2AE-F5FD4DD36698}"
EndProject
Project("{8BC9CEB8-8B4A-11D0-8D11-00A0C91BC942}") = "14.PBRTest", "14.PBRTest\14.PBRTest.vcxproj", "{298C484A-1AEC-4D12-A578-E12E8AADDA86}"
EndProject
Global
	GlobalSection(SolutionConfigurationPlatforms) = preSolution
		Debug|x64 = Debug|x64
		Debug|x86 = Debug|x86
		Release|x64 = Release|x64
		Release|x86 = Release|x86
	EndGlobalSection
	GlobalSection(ProjectConfigurationPlatforms) = postSolution
		{06E21E65-1370-4692-A009-F50C31860646}.Debug|x64.ActiveCfg = Debug|x64
		{06E21E65-1370-4692-A009-F50C31860646}.Debug|x64.Build.0 = Debug|x64
		{06E21E65-1370-4692-A009-F50C31860646}.Debug|x86.ActiveCfg = Debug|Win32
		{06E21E65-1370-4692-A009-F50C31860646}.Debug|x86.Build.0 = Debug|Win32
		{06E21E65-1370-4692-A009-F50C31860646}.Release|x64.ActiveCfg = Release|x64
		{06E21E65-1370-4692-A009-F50C31860646}.Release|x64.Build.0 = Release|x64
		{06E21E65-1370-4692-A009-F50C31860646}.Release|x86.ActiveCfg = Release|Win32
		{06E21E65-1370-4692-A009-F50C31860646}.Release|x86.Build.0 = Release|Win32
		{64B161A7-F7D2-4105-8741-6D7FB2D8B81A}.Debug|x64.ActiveCfg = Debug|x64
		{64B161A7-F7D2-4105-8741-6D7FB2D8B81A}.Debug|x64.Build.0 = Debug|x64
		{64B161A7-F7D2-4105-8741-6D7FB2D8B81A}.Debug|x86.ActiveCfg = Debug|Win32
		{64B161A7-F7D2-4105-8741-6D7FB2D8B81A}.Debug|x86.Build.0 = Debug|Win32
		{64B161A7-F7D2-4105-8741-6D7FB2D8B81A}.Release|x64.ActiveCfg = Release|x64
		{64B161A7-F7D2-4105-8741-6D7FB2D8B81A}.Release|x64.Build.0 = Release|x64
		{64B161A7-F7D2-4105-8741-6D7FB2D8B81A}.Release|x86.ActiveCfg = Release|Win32
		{64B161A7-F7D2-4105-8741-6D7FB2D8B81A}.Release|x86.Build.0 = Release|Win32
		{1933C50C-BF17-4C31-9E15-ED17CCF3DE3B}.Debug|x64.ActiveCfg = Debug|x64
		{1933C50C-BF17-4C31-9E15-ED17CCF3DE3B}.Debug|x64.Build.0 = Debug|x64
		{1933C50C-BF17-4C31-9E15-ED17CCF3DE3B}.Debug|x86.ActiveCfg = Debug|Win32
		{1933C50C-BF17-4C31-9E15-ED17CCF3DE3B}.Debug|x86.Build.0 = Debug|Win32
		{1933C50C-BF17-4C31-9E15-ED17CCF3DE3B}.Release|x64.ActiveCfg = Release|x64
		{1933C50C-BF17-4C31-9E15-ED17CCF3DE3B}.Release|x64.Build.0 = Release|x64
		{1933C50C-BF17-4C31-9E15-ED17CCF3DE3B}.Release|x86.ActiveCfg = Release|Win32
		{1933C50C-BF17-4C31-9E15-ED17CCF3DE3B}.Release|x86.Build.0 = Release|Win32
		{B6A437E2-4033-49B8-9A96-AC1C95AA6F23}.Debug|x64.ActiveCfg = Debug|x64
		{B6A437E2-4033-49B8-9A96-AC1C95AA6F23}.Debug|x64.Build.0 = Debug|x64
		{B6A437E2-4033-49B8-9A96-AC1C95AA6F23}.Debug|x86.ActiveCfg = Debug|Win32
		{B6A437E2-4033-49B8-9A96-AC1C95AA6F23}.Debug|x86.Build.0 = Debug|Win32
		{B6A437E2-4033-49B8-9A96-AC1C95AA6F23}.Release|x64.ActiveCfg = Release|x64
		{B6A437E2-4033-49B8-9A96-AC1C95AA6F23}.Release|x64.Build.0 = Release|x64
		{B6A437E2-4033-49B8-9A96-AC1C95AA6F23}.Release|x86.ActiveCfg = Release|Win32
		{B6A437E2-4033-49B8-9A96-AC1C95AA6F23}.Release|x86.Build.0 = Release|Win32
		{3BF2E6FD-49FB-4181-A991-A7159E41BC28}.Debug|x64.ActiveCfg = Debug|x64
		{3BF2E6FD-49FB-4181-A991-A7159E41BC28}.Debug|x64.Build.0 = Debug|x64
		{3BF2E6FD-49FB-4181-A991-A7159E41BC28}.Debug|x86.ActiveCfg = Debug|Win32
		{3BF2E6FD-49FB-4181-A991-A7159E41BC28}.Debug|x86.Build.0 = Debug|Win32
		{3BF2E6FD-49FB-4181-A991-A7159E41BC28}.Release|x64.ActiveCfg = Release|x64
		{3BF2E6FD-49FB-4181-A991-A7159E41BC28}.Release|x64.Build.0 = Release|x64
		{3BF2E6FD-49FB-4181-A991-A7159E41BC28}.Release|x86.ActiveCfg = Release|Win32
		{3BF2E6FD-49FB-4181-A991-A7159E41BC28}.Release|x86.Build.0 = Release|Win32
		{C4C31697-5F94-432C-B678-529A4A8D48FF}.Debug|x64.ActiveCfg = Debug|x64
		{C4C31697-5F94-432C-B678-529A4A8D48FF}.Debug|x64.Build.0 = Debug|x64
		{C4C31697-5F94-432C-B678-529A4A8D48FF}.Debug|x86.ActiveCfg = Debug|Win32
		{C4C31697-5F94-432C-B678-529A4A8D48FF}.Debug|x86.Build.0 = Debug|Win32
		{C4C31697-5F94-432C-B678-529A4A8D48FF}.Release|x64.ActiveCfg = Release|x64
		{C4C31697-5F94-432C-B678-529A4A8D48FF}.Release|x64.Build.0 = Release|x64
		{C4C31697-5F94-432C-B678-529A4A8D48FF}.Release|x86.ActiveCfg = Release|Win32
		{C4C31697-5F94-432C-B678-529A4A8D48FF}.Release|x86.Build.0 = Release|Win32
		{172413B5-046C-4886-BF7B-C42F17C6B5DF}.Debug|x64.ActiveCfg = Debug|x64
		{172413B5-046C-4886-BF7B-C42F17C6B5DF}.Debug|x64.Build.0 = Debug|x64
		{172413B5-046C-4886-BF7B-C42F17C6B5DF}.Debug|x86.ActiveCfg = Debug|Win32
		{172413B5-046C-4886-BF7B-C42F17C6B5DF}.Debug|x86.Build.0 = Debug|Win32
		{172413B5-046C-4886-BF7B-C42F17C6B5DF}.Release|x64.ActiveCfg = Release|x64
		{172413B5-046C-4886-BF7B-C42F17C6B5DF}.Release|x64.Build.0 = Release|x64
		{172413B5-046C-4886-BF7B-C42F17C6B5DF}.Release|x86.ActiveCfg = Release|Win32
		{172413B5-046C-4886-BF7B-C42F17C6B5DF}.Release|x86.Build.0 = Release|Win32
		{C2D6770D-833D-4E21-8DBD-ABCACC8A529A}.Debug|x64.ActiveCfg = Debug|x64
		{C2D6770D-833D-4E21-8DBD-ABCACC8A529A}.Debug|x64.Build.0 = Debug|x64
		{C2D6770D-833D-4E21-8DBD-ABCACC8A529A}.Debug|x86.ActiveCfg = Debug|Win32
		{C2D6770D-833D-4E21-8DBD-ABCACC8A529A}.Debug|x86.Build.0 = Debug|Win32
		{C2D6770D-833D-4E21-8DBD-ABCACC8A529A}.Release|x64.ActiveCfg = Release|x64
		{C2D6770D-833D-4E21-8DBD-ABCACC8A529A}.Release|x64.Build.0 = Release|x64
		{C2D6770D-833D-4E21-8DBD-ABCACC8A529A}.Release|x86.ActiveCfg = Release|Win32
		{C2D6770D-833D-4E21-8DBD-ABCACC8A529A}.Release|x86.Build.0 = Release|Win32
		{5C1FC89E-AD6F-4667-8CED-8DF0E5E89C9F}.Debug|x64.ActiveCfg = Debug|x64
		{5C1FC89E-AD6F-4667-8CED-8DF0E5E89C9F}.Debug|x64.Build.0 = Debug|x64
		{5C1FC89E-AD6F-4667-8CED-8DF0E5E89C9F}.Debug|x86.ActiveCfg = Debug|Win32
		{5C1FC89E-AD6F-4667-8CED-8DF0E5E89C9F}.Debug|x86.Build.0 = Debug|Win32
		{5C1FC89E-AD6F-4667-8CED-8DF0E5E89C9F}.Release|x64.ActiveCfg = Release|x64
		{5C1FC89E-AD6F-4667-8CED-8DF0E5E89C9F}.Release|x64.Build.0 = Release|x64
		{5C1FC89E-AD6F-4667-8CED-8DF0E5E89C9F}.Release|x86.ActiveCfg = Release|Win32
		{5C1FC89E-AD6F-4667-8CED-8DF0E5E89C9F}.Release|x86.Build.0 = Release|Win32
		{DC31A7DB-B5DE-4417-AE35-0FA3072ECCC1}.Debug|x64.ActiveCfg = Debug|x64
		{DC31A7DB-B5DE-4417-AE35-0FA3072ECCC1}.Debug|x64.Build.0 = Debug|x64
		{DC31A7DB-B5DE-4417-AE35-0FA3072ECCC1}.Debug|x86.ActiveCfg = Debug|Win32
		{DC31A7DB-B5DE-4417-AE35-0FA3072ECCC1}.Debug|x86.Build.0 = Debug|Win32
		{DC31A7DB-B5DE-4417-AE35-0FA3072ECCC1}.Release|x64.ActiveCfg = Release|x64
		{DC31A7DB-B5DE-4417-AE35-0FA3072ECCC1}.Release|x64.Build.0 = Release|x64
		{DC31A7DB-B5DE-4417-AE35-0FA3072ECCC1}.Release|x86.ActiveCfg = Release|Win32
		{DC31A7DB-B5DE-4417-AE35-0FA3072ECCC1}.Release|x86.Build.0 = Release|Win32
		{A77F15CB-E951-46F4-BA6D-16E8E6036960}.Debug|x64.ActiveCfg = Debug|x64
		{A77F15CB-E951-46F4-BA6D-16E8E6036960}.Debug|x64.Build.0 = Debug|x64
		{A77F15CB-E951-46F4-BA6D-16E8E6036960}.Debug|x86.ActiveCfg = Debug|Win32
		{A77F15CB-E951-46F4-BA6D-16E8E6036960}.Debug|x86.Build.0 = Debug|Win32
		{A77F15CB-E951-46F4-BA6D-16E8E6036960}.Release|x64.ActiveCfg = Release|x64
		{A77F15CB-E951-46F4-BA6D-16E8E6036960}.Release|x64.Build.0 = Release|x64
		{A77F15CB-E951-46F4-BA6D-16E8E6036960}.Release|x86.ActiveCfg = Release|Win32
		{A77F15CB-E951-46F4-BA6D-16E8E6036960}.Release|x86.Build.0 = Release|Win32
		{587C67E9-7870-4A2C-8067-48EE9E454777}.Debug|x64.ActiveCfg = Debug|x64
		{587C67E9-7870-4A2C-8067-48EE9E454777}.Debug|x64.Build.0 = Debug|x64
		{587C67E9-7870-4A2C-8067-48EE9E454777}.Debug|x86.ActiveCfg = Debug|Win32
		{587C67E9-7870-4A2C-8067-48EE9E454777}.Debug|x86.Build.0 = Debug|Win32
		{587C67E9-7870-4A2C-8067-48EE9E454777}.Release|x64.ActiveCfg = Release|x64
		{587C67E9-7870-4A2C-8067-48EE9E454777}.Release|x64.Build.0 = Release|x64
		{587C67E9-7870-4A2C-8067-48EE9E454777}.Release|x86.ActiveCfg = Release|Win32
		{587C67E9-7870-4A2C-8067-48EE9E454777}.Release|x86.Build.0 = Release|Win32
		{9A400700-1976-4342-81EB-55C4AEA878B6}.Debug|x64.ActiveCfg = Debug|x64
		{9A400700-1976-4342-81EB-55C4AEA878B6}.Debug|x64.Build.0 = Debug|x64
		{9A400700-1976-4342-81EB-55C4AEA878B6}.Debug|x86.ActiveCfg = Debug|Win32
		{9A400700-1976-4342-81EB-55C4AEA878B6}.Debug|x86.Build.0 = Debug|Win32
		{9A400700-1976-4342-81EB-55C4AEA878B6}.Release|x64.ActiveCfg = Release|x64
		{9A400700-1976-4342-81EB-55C4AEA878B6}.Release|x64.Build.0 = Release|x64
		{9A400700-1976-4342-81EB-55C4AEA878B6}.Release|x86.ActiveCfg = Release|Win32
		{9A400700-1976-4342-81EB-55C4AEA878B6}.Release|x86.Build.0 = Release|Win32
		{9DF7D6AF-2E54-4895-A2AE-F5FD4DD36698}.Debug|x64.ActiveCfg = Debug|x64
		{9DF7D6AF-2E54-4895-A2AE-F5FD4DD36698}.Debug|x64.Build.0 = Debug|x64
		{9DF7D6AF-2E54-4895-A2AE-F5FD4DD36698}.Debug|x86.ActiveCfg = Debug|Win32
		{9DF7D6AF-2E54-4895-A2AE-F5FD4DD36698}.Debug|x86.Build.0 = Debug|Win32
		{9DF7D6AF-2E54-4895-A2AE-F5FD4DD36698}.Release|x64.ActiveCfg = Release|x64
		{9DF7D6AF-2E54-4895-A2AE-F5FD4DD36698}.Release|x64.Build.0 = Release|x64
		{9DF7D6AF-2E54-4895-A2AE-F5FD4DD36698}.Release|x86.ActiveCfg = Release|Win32
		{9DF7D6AF-2E54-4895-A2AE-F5FD4DD36698}.Release|x86.Build.0 = Release|Win32
		{298C484A-1AEC-4D12-A578-E12E8AADDA86}.Debug|x64.ActiveCfg = Debug|x64
		{298C484A-1AEC-4D12-A578-E12E8AADDA86}.Debug|x64.Build.0 = Debug|x64
		{298C484A-1AEC-4D12-A578-E12E8AADDA86}.Debug|x86.ActiveCfg = Debug|Win32
		{298C484A-1AEC-4D12-A578-E12E8AADDA86}.Debug|x86.Build.0 = Debug|Win32
		{298C484A-1AEC-4D12-A578-E12E8AADDA86}.Release|x64.ActiveCfg = Release|x64
		{298C484A-1AEC-4D12-A578-E12E8AADDA86}.Release|x64.Build.0 = Release|x64
		{298C484A-1AEC-4D12-A578-E12E8AADDA86}.Release|x86.ActiveCfg = Release|Win32
		{298C484A-1AEC-4D12-A578-E12E8AADDA86}.Release|x86.Build.0 = Release|Win32
	EndGlobalSection
	GlobalSection(SolutionProperties) = preSolution
		HideSolutionNode = FALSE
	EndGlobalSection
	GlobalSection(NestedProjects) = preSolution
		{64B161A7-F7D2-4105-8741-6D7FB2D8B81A} = {00506428-1FD0-4DD2-85DE-53806CDF4CEA}
		{1933C50C-BF17-4C31-9E15-ED17CCF3DE3B} = {00506428-1FD0-4DD2-85DE-53806CDF4CEA}
		{B6A437E2-4033-49B8-9A96-AC1C95AA6F23} = {00506428-1FD0-4DD2-85DE-53806CDF4CEA}
		{3BF2E6FD-49FB-4181-A991-A7159E41BC28} = {00506428-1FD0-4DD2-85DE-53806CDF4CEA}
		{C4C31697-5F94-432C-B678-529A4A8D48FF} = {00506428-1FD0-4DD2-85DE-53806CDF4CEA}
		{172413B5-046C-4886-BF7B-C42F17C6B5DF} = {00506428-1FD0-4DD2-85DE-53806CDF4CEA}
		{C2D6770D-833D-4E21-8DBD-ABCACC8A529A} = {00506428-1FD0-4DD2-85DE-53806CDF4CEA}
		{5C1FC89E-AD6F-4667-8CED-8DF0E5E89C9F} = {00506428-1FD0-4DD2-85DE-53806CDF4CEA}
		{DC31A7DB-B5DE-4417-AE35-0FA3072ECCC1} = {00506428-1FD0-4DD2-85DE-53806CDF4CEA}
		{A77F15CB-E951-46F4-BA6D-16E8E6036960} = {00506428-1FD0-4DD2-85DE-53806CDF4CEA}
		{587C67E9-7870-4A2C-8067-48EE9E454777} = {00506428-1FD0-4DD2-85DE-53806CDF4CEA}
		{9A400700-1976-4342-81EB-55C4AEA878B6} = {00506428-1FD0-4DD2-85DE-53806CDF4CEA}
	EndGlobalSection
	GlobalSection(ExtensibilityGlobals) = postSolution
		SolutionGuid = {094FE95B-02FD-4DB0-9378-262AC4204F6B}
	EndGlobalSection
EndGlobal
