<?xml version="1.0" encoding="utf-8"?>
<Project ToolsVersion="4.0" xmlns="http://schemas.microsoft.com/developer/msbuild/2003">
  <ItemGroup>
    <FxCompile Include="FBXTest_PS.hlsl">
      <Filter>Shader</Filter>
    </FxCompile>
    <FxCompile Include="FBXTest_VS.hlsl">
      <Filter>Shader</Filter>
    </FxCompile>
  </ItemGroup>
  <ItemGroup>
    <ClCompile Include="FBXTest.cpp" />
    <ClCompile Include="Main.cpp" />
    <ClCompile Include="pch.cpp" />
  </ItemGroup>
  <ItemGroup>
    <ClInclude Include="FBXTest.h" />
    <ClInclude Include="pch.h" />
  </ItemGroup>
  <ItemGroup>
    <Filter Include="Shader">
      <UniqueIdentifier>{b3c9777e-8791-4ac3-aeec-157e52d7067c}</UniqueIdentifier>
    </Filter>
  </ItemGroup>
  <ItemGroup>
    <None Include="FBXTest_SH.hlsli">
      <Filter>Shader</Filter>
    </None>
  </ItemGroup>
</Project>