<?xml version="1.0" encoding="utf-8"?>
<Project ToolsVersion="4.0" xmlns="http://schemas.microsoft.com/developer/msbuild/2003">
  <ItemGroup>
    <FxCompile Include="TextureTest_PS.hlsl">
      <Filter>Shader</Filter>
    </FxCompile>
    <FxCompile Include="TextureTest_VS.hlsl">
      <Filter>Shader</Filter>
    </FxCompile>
  </ItemGroup>
  <ItemGroup>
    <ClCompile Include="TextureTest.cpp" />
    <ClCompile Include="Main.cpp" />
  </ItemGroup>
  <ItemGroup>
    <ClInclude Include="TextureTest.h" />
  </ItemGroup>
  <ItemGroup>
    <Filter Include="Shader">
      <UniqueIdentifier>{279d6283-2d6b-4b2b-b36b-8cf2cab86514}</UniqueIdentifier>
    </Filter>
  </ItemGroup>
  <ItemGroup>
    <None Include="TextureTest_BH.hlsli">
      <Filter>Shader</Filter>
    </None>
  </ItemGroup>
</Project>